// !$*UTF8*$!
{
	archiveVersion = 1;
	classes = {
	};
	objectVersion = 51;
	objects = {

/* Begin PBXBuildFile section */
		7346DADD24A1C2F700AF75BB /* AppDelegate.swift in Sources */ = {isa = PBXBuildFile; fileRef = 7346DADC24A1C2F700AF75BB /* AppDelegate.swift */; };
		7346DADF24A1C2F700AF75BB /* SceneDelegate.swift in Sources */ = {isa = PBXBuildFile; fileRef = 7346DADE24A1C2F700AF75BB /* SceneDelegate.swift */; };
		7346DAE124A1C2F700AF75BB /* ViewController.swift in Sources */ = {isa = PBXBuildFile; fileRef = 7346DAE024A1C2F700AF75BB /* ViewController.swift */; };
		7346DAE424A1C2F700AF75BB /* Main.storyboard in Resources */ = {isa = PBXBuildFile; fileRef = 7346DAE224A1C2F700AF75BB /* Main.storyboard */; };
		7346DAE624A1C2F800AF75BB /* Assets.xcassets in Resources */ = {isa = PBXBuildFile; fileRef = 7346DAE524A1C2F800AF75BB /* Assets.xcassets */; };
		7346DAE924A1C2F800AF75BB /* LaunchScreen.storyboard in Resources */ = {isa = PBXBuildFile; fileRef = 7346DAE724A1C2F800AF75BB /* LaunchScreen.storyboard */; };
		7346DAF424A1C2F900AF75BB /* GoalsAppTests.swift in Sources */ = {isa = PBXBuildFile; fileRef = 7346DAF324A1C2F900AF75BB /* GoalsAppTests.swift */; };
		D2450E4056CD0E414C9FC055 /* Pods_GoalsApp.framework in Frameworks */ = {isa = PBXBuildFile; fileRef = 259D5D3FD9387F6849B885CC /* Pods_GoalsApp.framework */; };
		D625CF24856B604A83DADC82 /* Pods_GoalsAppTests.framework in Frameworks */ = {isa = PBXBuildFile; fileRef = 97679FAEAB4AB8F8BB82474B /* Pods_GoalsAppTests.framework */; };
/* End PBXBuildFile section */

/* Begin PBXContainerItemProxy section */
		7346DAF024A1C2F900AF75BB /* PBXContainerItemProxy */ = {
			isa = PBXContainerItemProxy;
			containerPortal = 7346DAD124A1C2F700AF75BB /* Project object */;
			proxyType = 1;
			remoteGlobalIDString = 7346DAD824A1C2F700AF75BB;
			remoteInfo = GoalsApp;
		};
/* End PBXContainerItemProxy section */

/* Begin PBXFileReference section */
		259D5D3FD9387F6849B885CC /* Pods_GoalsApp.framework */ = {isa = PBXFileReference; explicitFileType = wrapper.framework; includeInIndex = 0; path = Pods_GoalsApp.framework; sourceTree = BUILT_PRODUCTS_DIR; };
		6BF2FEC4F09380FDA399798B /* Pods-GoalsAppTests.release.xcconfig */ = {isa = PBXFileReference; includeInIndex = 1; lastKnownFileType = text.xcconfig; name = "Pods-GoalsAppTests.release.xcconfig"; path = "Target Support Files/Pods-GoalsAppTests/Pods-GoalsAppTests.release.xcconfig"; sourceTree = "<group>"; };
		7346DAD924A1C2F700AF75BB /* GoalsApp.app */ = {isa = PBXFileReference; explicitFileType = wrapper.application; includeInIndex = 0; path = GoalsApp.app; sourceTree = BUILT_PRODUCTS_DIR; };
		7346DADC24A1C2F700AF75BB /* AppDelegate.swift */ = {isa = PBXFileReference; lastKnownFileType = sourcecode.swift; path = AppDelegate.swift; sourceTree = "<group>"; };
		7346DADE24A1C2F700AF75BB /* SceneDelegate.swift */ = {isa = PBXFileReference; lastKnownFileType = sourcecode.swift; path = SceneDelegate.swift; sourceTree = "<group>"; };
		7346DAE024A1C2F700AF75BB /* ViewController.swift */ = {isa = PBXFileReference; lastKnownFileType = sourcecode.swift; path = ViewController.swift; sourceTree = "<group>"; };
		7346DAE324A1C2F700AF75BB /* Base */ = {isa = PBXFileReference; lastKnownFileType = file.storyboard; name = Base; path = Base.lproj/Main.storyboard; sourceTree = "<group>"; };
		7346DAE524A1C2F800AF75BB /* Assets.xcassets */ = {isa = PBXFileReference; lastKnownFileType = folder.assetcatalog; path = Assets.xcassets; sourceTree = "<group>"; };
		7346DAE824A1C2F800AF75BB /* Base */ = {isa = PBXFileReference; lastKnownFileType = file.storyboard; name = Base; path = Base.lproj/LaunchScreen.storyboard; sourceTree = "<group>"; };
		7346DAEA24A1C2F800AF75BB /* Info.plist */ = {isa = PBXFileReference; lastKnownFileType = text.plist.xml; path = Info.plist; sourceTree = "<group>"; };
		7346DAEF24A1C2F900AF75BB /* GoalsAppTests.xctest */ = {isa = PBXFileReference; explicitFileType = wrapper.cfbundle; includeInIndex = 0; path = GoalsAppTests.xctest; sourceTree = BUILT_PRODUCTS_DIR; };
		7346DAF324A1C2F900AF75BB /* GoalsAppTests.swift */ = {isa = PBXFileReference; lastKnownFileType = sourcecode.swift; path = GoalsAppTests.swift; sourceTree = "<group>"; };
		7346DAF524A1C2F900AF75BB /* Info.plist */ = {isa = PBXFileReference; lastKnownFileType = text.plist.xml; path = Info.plist; sourceTree = "<group>"; };
		97679FAEAB4AB8F8BB82474B /* Pods_GoalsAppTests.framework */ = {isa = PBXFileReference; explicitFileType = wrapper.framework; includeInIndex = 0; path = Pods_GoalsAppTests.framework; sourceTree = BUILT_PRODUCTS_DIR; };
		D7FA98737F22A3FDCA5AA52D /* Pods-GoalsApp.release.xcconfig */ = {isa = PBXFileReference; includeInIndex = 1; lastKnownFileType = text.xcconfig; name = "Pods-GoalsApp.release.xcconfig"; path = "Target Support Files/Pods-GoalsApp/Pods-GoalsApp.release.xcconfig"; sourceTree = "<group>"; };
		E367ABBBF463727C409F4CD7 /* Pods-GoalsApp.debug.xcconfig */ = {isa = PBXFileReference; includeInIndex = 1; lastKnownFileType = text.xcconfig; name = "Pods-GoalsApp.debug.xcconfig"; path = "Target Support Files/Pods-GoalsApp/Pods-GoalsApp.debug.xcconfig"; sourceTree = "<group>"; };
		FD6C16F95A4260F9BA9ABDCF /* Pods-GoalsAppTests.debug.xcconfig */ = {isa = PBXFileReference; includeInIndex = 1; lastKnownFileType = text.xcconfig; name = "Pods-GoalsAppTests.debug.xcconfig"; path = "Target Support Files/Pods-GoalsAppTests/Pods-GoalsAppTests.debug.xcconfig"; sourceTree = "<group>"; };
/* End PBXFileReference section */

/* Begin PBXFrameworksBuildPhase section */
		7346DAD624A1C2F700AF75BB /* Frameworks */ = {
			isa = PBXFrameworksBuildPhase;
			buildActionMask = 2147483647;
			files = (
				D2450E4056CD0E414C9FC055 /* Pods_GoalsApp.framework in Frameworks */,
			);
			runOnlyForDeploymentPostprocessing = 0;
		};
		7346DAEC24A1C2F900AF75BB /* Frameworks */ = {
			isa = PBXFrameworksBuildPhase;
			buildActionMask = 2147483647;
			files = (
				D625CF24856B604A83DADC82 /* Pods_GoalsAppTests.framework in Frameworks */,
			);
			runOnlyForDeploymentPostprocessing = 0;
		};
/* End PBXFrameworksBuildPhase section */

/* Begin PBXGroup section */
		7346DAD024A1C2F700AF75BB = {
			isa = PBXGroup;
			children = (
				7346DADB24A1C2F700AF75BB /* GoalsApp */,
				7346DAF224A1C2F900AF75BB /* GoalsAppTests */,
				7346DADA24A1C2F700AF75BB /* Products */,
				A46D333EE45AA51B8CE9D866 /* Pods */,
				83DA38899BEADCF020BDC82E /* Frameworks */,
			);
			sourceTree = "<group>";
		};
		7346DADA24A1C2F700AF75BB /* Products */ = {
			isa = PBXGroup;
			children = (
				7346DAD924A1C2F700AF75BB /* GoalsApp.app */,
				7346DAEF24A1C2F900AF75BB /* GoalsAppTests.xctest */,
			);
			name = Products;
			sourceTree = "<group>";
		};
		7346DADB24A1C2F700AF75BB /* GoalsApp */ = {
			isa = PBXGroup;
			children = (
				7346DADC24A1C2F700AF75BB /* AppDelegate.swift */,
				7346DADE24A1C2F700AF75BB /* SceneDelegate.swift */,
				7346DAE024A1C2F700AF75BB /* ViewController.swift */,
				7346DAE224A1C2F700AF75BB /* Main.storyboard */,
				7346DAE524A1C2F800AF75BB /* Assets.xcassets */,
				7346DAE724A1C2F800AF75BB /* LaunchScreen.storyboard */,
				7346DAEA24A1C2F800AF75BB /* Info.plist */,
			);
			path = GoalsApp;
			sourceTree = "<group>";
		};
		7346DAF224A1C2F900AF75BB /* GoalsAppTests */ = {
			isa = PBXGroup;
			children = (
				7346DAF324A1C2F900AF75BB /* GoalsAppTests.swift */,
				7346DAF524A1C2F900AF75BB /* Info.plist */,
			);
			path = GoalsAppTests;
			sourceTree = "<group>";
		};
		83DA38899BEADCF020BDC82E /* Frameworks */ = {
			isa = PBXGroup;
			children = (
				259D5D3FD9387F6849B885CC /* Pods_GoalsApp.framework */,
				97679FAEAB4AB8F8BB82474B /* Pods_GoalsAppTests.framework */,
			);
			name = Frameworks;
			sourceTree = "<group>";
		};
		A46D333EE45AA51B8CE9D866 /* Pods */ = {
			isa = PBXGroup;
			children = (
				E367ABBBF463727C409F4CD7 /* Pods-GoalsApp.debug.xcconfig */,
				D7FA98737F22A3FDCA5AA52D /* Pods-GoalsApp.release.xcconfig */,
				FD6C16F95A4260F9BA9ABDCF /* Pods-GoalsAppTests.debug.xcconfig */,
				6BF2FEC4F09380FDA399798B /* Pods-GoalsAppTests.release.xcconfig */,
			);
			path = Pods;
			sourceTree = "<group>";
		};
/* End PBXGroup section */

/* Begin PBXNativeTarget section */
		7346DAD824A1C2F700AF75BB /* GoalsApp */ = {
			isa = PBXNativeTarget;
			buildConfigurationList = 7346DAF824A1C2F900AF75BB /* Build configuration list for PBXNativeTarget "GoalsApp" */;
			buildPhases = (
				0741506766ACAF92AB26E6A2 /* [CP] Check Pods Manifest.lock */,
				7346DAD524A1C2F700AF75BB /* Sources */,
				7346DAD624A1C2F700AF75BB /* Frameworks */,
				7346DAD724A1C2F700AF75BB /* Resources */,
				481E0753577490E929B498B5 /* [CP] Embed Pods Frameworks */,
			);
			buildRules = (
			);
			dependencies = (
			);
			name = GoalsApp;
			productName = GoalsApp;
			productReference = 7346DAD924A1C2F700AF75BB /* GoalsApp.app */;
			productType = "com.apple.product-type.application";
		};
		7346DAEE24A1C2F900AF75BB /* GoalsAppTests */ = {
			isa = PBXNativeTarget;
			buildConfigurationList = 7346DAFB24A1C2F900AF75BB /* Build configuration list for PBXNativeTarget "GoalsAppTests" */;
			buildPhases = (
				44C90FF24F0F9DA63C5960F9 /* [CP] Check Pods Manifest.lock */,
				7346DAEB24A1C2F900AF75BB /* Sources */,
				7346DAEC24A1C2F900AF75BB /* Frameworks */,
				7346DAED24A1C2F900AF75BB /* Resources */,
				1FCD2BA288D9FB18900723DB /* [CP] Embed Pods Frameworks */,
			);
			buildRules = (
			);
			dependencies = (
				7346DAF124A1C2F900AF75BB /* PBXTargetDependency */,
			);
			name = GoalsAppTests;
			productName = GoalsAppTests;
			productReference = 7346DAEF24A1C2F900AF75BB /* GoalsAppTests.xctest */;
			productType = "com.apple.product-type.bundle.unit-test";
		};
/* End PBXNativeTarget section */

/* Begin PBXProject section */
		7346DAD124A1C2F700AF75BB /* Project object */ = {
			isa = PBXProject;
			attributes = {
				LastSwiftUpdateCheck = 1150;
				LastUpgradeCheck = 1150;
				ORGANIZATIONNAME = Villou;
				TargetAttributes = {
					7346DAD824A1C2F700AF75BB = {
						CreatedOnToolsVersion = 11.5;
					};
					7346DAEE24A1C2F900AF75BB = {
						CreatedOnToolsVersion = 11.5;
						TestTargetID = 7346DAD824A1C2F700AF75BB;
					};
				};
			};
			buildConfigurationList = 7346DAD424A1C2F700AF75BB /* Build configuration list for PBXProject "GoalsApp" */;
			compatibilityVersion = "Xcode 9.3";
			developmentRegion = en;
			hasScannedForEncodings = 0;
			knownRegions = (
				en,
				Base,
			);
			mainGroup = 7346DAD024A1C2F700AF75BB;
			productRefGroup = 7346DADA24A1C2F700AF75BB /* Products */;
			projectDirPath = "";
			projectRoot = "";
			targets = (
				7346DAD824A1C2F700AF75BB /* GoalsApp */,
				7346DAEE24A1C2F900AF75BB /* GoalsAppTests */,
			);
		};
/* End PBXProject section */

/* Begin PBXResourcesBuildPhase section */
		7346DAD724A1C2F700AF75BB /* Resources */ = {
			isa = PBXResourcesBuildPhase;
			buildActionMask = 2147483647;
			files = (
				7346DAE924A1C2F800AF75BB /* LaunchScreen.storyboard in Resources */,
				7346DAE624A1C2F800AF75BB /* Assets.xcassets in Resources */,
				7346DAE424A1C2F700AF75BB /* Main.storyboard in Resources */,
			);
			runOnlyForDeploymentPostprocessing = 0;
		};
		7346DAED24A1C2F900AF75BB /* Resources */ = {
			isa = PBXResourcesBuildPhase;
			buildActionMask = 2147483647;
			files = (
			);
			runOnlyForDeploymentPostprocessing = 0;
		};
/* End PBXResourcesBuildPhase section */

/* Begin PBXShellScriptBuildPhase section */
		0741506766ACAF92AB26E6A2 /* [CP] Check Pods Manifest.lock */ = {
			isa = PBXShellScriptBuildPhase;
			buildActionMask = 2147483647;
			files = (
			);
			inputFileListPaths = (
			);
			inputPaths = (
				"${PODS_PODFILE_DIR_PATH}/Podfile.lock",
				"${PODS_ROOT}/Manifest.lock",
			);
			name = "[CP] Check Pods Manifest.lock";
			outputFileListPaths = (
			);
			outputPaths = (
				"$(DERIVED_FILE_DIR)/Pods-GoalsApp-checkManifestLockResult.txt",
			);
			runOnlyForDeploymentPostprocessing = 0;
			shellPath = /bin/sh;
			shellScript = "diff \"${PODS_PODFILE_DIR_PATH}/Podfile.lock\" \"${PODS_ROOT}/Manifest.lock\" > /dev/null\nif [ $? != 0 ] ; then\n    # print error to STDERR\n    echo \"error: The sandbox is not in sync with the Podfile.lock. Run 'pod install' or update your CocoaPods installation.\" >&2\n    exit 1\nfi\n# This output is used by Xcode 'outputs' to avoid re-running this script phase.\necho \"SUCCESS\" > \"${SCRIPT_OUTPUT_FILE_0}\"\n";
			showEnvVarsInLog = 0;
		};
		1FCD2BA288D9FB18900723DB /* [CP] Embed Pods Frameworks */ = {
			isa = PBXShellScriptBuildPhase;
			buildActionMask = 2147483647;
			files = (
			);
			inputFileListPaths = (
				"${PODS_ROOT}/Target Support Files/Pods-GoalsAppTests/Pods-GoalsAppTests-frameworks-${CONFIGURATION}-input-files.xcfilelist",
			);
			name = "[CP] Embed Pods Frameworks";
			outputFileListPaths = (
				"${PODS_ROOT}/Target Support Files/Pods-GoalsAppTests/Pods-GoalsAppTests-frameworks-${CONFIGURATION}-output-files.xcfilelist",
			);
			runOnlyForDeploymentPostprocessing = 0;
			shellPath = /bin/sh;
			shellScript = "\"${PODS_ROOT}/Target Support Files/Pods-GoalsAppTests/Pods-GoalsAppTests-frameworks.sh\"\n";
			showEnvVarsInLog = 0;
		};
		44C90FF24F0F9DA63C5960F9 /* [CP] Check Pods Manifest.lock */ = {
			isa = PBXShellScriptBuildPhase;
			buildActionMask = 2147483647;
			files = (
			);
			inputFileListPaths = (
			);
			inputPaths = (
				"${PODS_PODFILE_DIR_PATH}/Podfile.lock",
				"${PODS_ROOT}/Manifest.lock",
			);
			name = "[CP] Check Pods Manifest.lock";
			outputFileListPaths = (
			);
			outputPaths = (
				"$(DERIVED_FILE_DIR)/Pods-GoalsAppTests-checkManifestLockResult.txt",
			);
			runOnlyForDeploymentPostprocessing = 0;
			shellPath = /bin/sh;
			shellScript = "diff \"${PODS_PODFILE_DIR_PATH}/Podfile.lock\" \"${PODS_ROOT}/Manifest.lock\" > /dev/null\nif [ $? != 0 ] ; then\n    # print error to STDERR\n    echo \"error: The sandbox is not in sync with the Podfile.lock. Run 'pod install' or update your CocoaPods installation.\" >&2\n    exit 1\nfi\n# This output is used by Xcode 'outputs' to avoid re-running this script phase.\necho \"SUCCESS\" > \"${SCRIPT_OUTPUT_FILE_0}\"\n";
			showEnvVarsInLog = 0;
		};
		481E0753577490E929B498B5 /* [CP] Embed Pods Frameworks */ = {
			isa = PBXShellScriptBuildPhase;
			buildActionMask = 2147483647;
			files = (
			);
			inputFileListPaths = (
				"${PODS_ROOT}/Target Support Files/Pods-GoalsApp/Pods-GoalsApp-frameworks-${CONFIGURATION}-input-files.xcfilelist",
			);
			name = "[CP] Embed Pods Frameworks";
			outputFileListPaths = (
				"${PODS_ROOT}/Target Support Files/Pods-GoalsApp/Pods-GoalsApp-frameworks-${CONFIGURATION}-output-files.xcfilelist",
			);
			runOnlyForDeploymentPostprocessing = 0;
			shellPath = /bin/sh;
			shellScript = "\"${PODS_ROOT}/Target Support Files/Pods-GoalsApp/Pods-GoalsApp-frameworks.sh\"\n";
			showEnvVarsInLog = 0;
		};
/* End PBXShellScriptBuildPhase section */

/* Begin PBXSourcesBuildPhase section */
		7346DAD524A1C2F700AF75BB /* Sources */ = {
			isa = PBXSourcesBuildPhase;
			buildActionMask = 2147483647;
			files = (
				7346DAE124A1C2F700AF75BB /* ViewController.swift in Sources */,
				7346DADD24A1C2F700AF75BB /* AppDelegate.swift in Sources */,
				7346DADF24A1C2F700AF75BB /* SceneDelegate.swift in Sources */,
			);
			runOnlyForDeploymentPostprocessing = 0;
		};
		7346DAEB24A1C2F900AF75BB /* Sources */ = {
			isa = PBXSourcesBuildPhase;
			buildActionMask = 2147483647;
			files = (
				7346DAF424A1C2F900AF75BB /* GoalsAppTests.swift in Sources */,
			);
			runOnlyForDeploymentPostprocessing = 0;
		};
/* End PBXSourcesBuildPhase section */

/* Begin PBXTargetDependency section */
		7346DAF124A1C2F900AF75BB /* PBXTargetDependency */ = {
			isa = PBXTargetDependency;
			target = 7346DAD824A1C2F700AF75BB /* GoalsApp */;
			targetProxy = 7346DAF024A1C2F900AF75BB /* PBXContainerItemProxy */;
		};
/* End PBXTargetDependency section */

/* Begin PBXVariantGroup section */
		7346DAE224A1C2F700AF75BB /* Main.storyboard */ = {
			isa = PBXVariantGroup;
			children = (
				7346DAE324A1C2F700AF75BB /* Base */,
			);
			name = Main.storyboard;
			sourceTree = "<group>";
		};
		7346DAE724A1C2F800AF75BB /* LaunchScreen.storyboard */ = {
			isa = PBXVariantGroup;
			children = (
				7346DAE824A1C2F800AF75BB /* Base */,
			);
			name = LaunchScreen.storyboard;
			sourceTree = "<group>";
		};
/* End PBXVariantGroup section */

/* Begin XCBuildConfiguration section */
		7346DAF624A1C2F900AF75BB /* Debug */ = {
			isa = XCBuildConfiguration;
			buildSettings = {
				ALWAYS_SEARCH_USER_PATHS = NO;
				CLANG_ANALYZER_NONNULL = YES;
				CLANG_ANALYZER_NUMBER_OBJECT_CONVERSION = YES_AGGRESSIVE;
				CLANG_CXX_LANGUAGE_STANDARD = "gnu++14";
				CLANG_CXX_LIBRARY = "libc++";
				CLANG_ENABLE_MODULES = YES;
				CLANG_ENABLE_OBJC_ARC = YES;
				CLANG_ENABLE_OBJC_WEAK = YES;
				CLANG_WARN_BLOCK_CAPTURE_AUTORELEASING = YES;
				CLANG_WARN_BOOL_CONVERSION = YES;
				CLANG_WARN_COMMA = YES;
				CLANG_WARN_CONSTANT_CONVERSION = YES;
				CLANG_WARN_DEPRECATED_OBJC_IMPLEMENTATIONS = YES;
				CLANG_WARN_DIRECT_OBJC_ISA_USAGE = YES_ERROR;
				CLANG_WARN_DOCUMENTATION_COMMENTS = YES;
				CLANG_WARN_EMPTY_BODY = YES;
				CLANG_WARN_ENUM_CONVERSION = YES;
				CLANG_WARN_INFINITE_RECURSION = YES;
				CLANG_WARN_INT_CONVERSION = YES;
				CLANG_WARN_NON_LITERAL_NULL_CONVERSION = YES;
				CLANG_WARN_OBJC_IMPLICIT_RETAIN_SELF = YES;
				CLANG_WARN_OBJC_LITERAL_CONVERSION = YES;
				CLANG_WARN_OBJC_ROOT_CLASS = YES_ERROR;
				CLANG_WARN_RANGE_LOOP_ANALYSIS = YES;
				CLANG_WARN_STRICT_PROTOTYPES = YES;
				CLANG_WARN_SUSPICIOUS_MOVE = YES;
				CLANG_WARN_UNGUARDED_AVAILABILITY = YES_AGGRESSIVE;
				CLANG_WARN_UNREACHABLE_CODE = YES;
				CLANG_WARN__DUPLICATE_METHOD_MATCH = YES;
				COPY_PHASE_STRIP = NO;
				DEBUG_INFORMATION_FORMAT = dwarf;
				ENABLE_STRICT_OBJC_MSGSEND = YES;
				ENABLE_TESTABILITY = YES;
				GCC_C_LANGUAGE_STANDARD = gnu11;
				GCC_DYNAMIC_NO_PIC = NO;
				GCC_NO_COMMON_BLOCKS = YES;
				GCC_OPTIMIZATION_LEVEL = 0;
				GCC_PREPROCESSOR_DEFINITIONS = (
					"DEBUG=1",
					"$(inherited)",
				);
				GCC_WARN_64_TO_32_BIT_CONVERSION = YES;
				GCC_WARN_ABOUT_RETURN_TYPE = YES_ERROR;
				GCC_WARN_UNDECLARED_SELECTOR = YES;
				GCC_WARN_UNINITIALIZED_AUTOS = YES_AGGRESSIVE;
				GCC_WARN_UNUSED_FUNCTION = YES;
				GCC_WARN_UNUSED_VARIABLE = YES;
				IPHONEOS_DEPLOYMENT_TARGET = 13.5;
				MTL_ENABLE_DEBUG_INFO = INCLUDE_SOURCE;
				MTL_FAST_MATH = YES;
				ONLY_ACTIVE_ARCH = YES;
				SDKROOT = iphoneos;
				SWIFT_ACTIVE_COMPILATION_CONDITIONS = DEBUG;
				SWIFT_OPTIMIZATION_LEVEL = "-Onone";
			};
			name = Debug;
		};
		7346DAF724A1C2F900AF75BB /* Release */ = {
			isa = XCBuildConfiguration;
			buildSettings = {
				ALWAYS_SEARCH_USER_PATHS = NO;
				CLANG_ANALYZER_NONNULL = YES;
				CLANG_ANALYZER_NUMBER_OBJECT_CONVERSION = YES_AGGRESSIVE;
				CLANG_CXX_LANGUAGE_STANDARD = "gnu++14";
				CLANG_CXX_LIBRARY = "libc++";
				CLANG_ENABLE_MODULES = YES;
				CLANG_ENABLE_OBJC_ARC = YES;
				CLANG_ENABLE_OBJC_WEAK = YES;
				CLANG_WARN_BLOCK_CAPTURE_AUTORELEASING = YES;
				CLANG_WARN_BOOL_CONVERSION = YES;
				CLANG_WARN_COMMA = YES;
				CLANG_WARN_CONSTANT_CONVERSION = YES;
				CLANG_WARN_DEPRECATED_OBJC_IMPLEMENTATIONS = YES;
				CLANG_WARN_DIRECT_OBJC_ISA_USAGE = YES_ERROR;
				CLANG_WARN_DOCUMENTATION_COMMENTS = YES;
				CLANG_WARN_EMPTY_BODY = YES;
				CLANG_WARN_ENUM_CONVERSION = YES;
				CLANG_WARN_INFINITE_RECURSION = YES;
				CLANG_WARN_INT_CONVERSION = YES;
				CLANG_WARN_NON_LITERAL_NULL_CONVERSION = YES;
				CLANG_WARN_OBJC_IMPLICIT_RETAIN_SELF = YES;
				CLANG_WARN_OBJC_LITERAL_CONVERSION = YES;
				CLANG_WARN_OBJC_ROOT_CLASS = YES_ERROR;
				CLANG_WARN_RANGE_LOOP_ANALYSIS = YES;
				CLANG_WARN_STRICT_PROTOTYPES = YES;
				CLANG_WARN_SUSPICIOUS_MOVE = YES;
				CLANG_WARN_UNGUARDED_AVAILABILITY = YES_AGGRESSIVE;
				CLANG_WARN_UNREACHABLE_CODE = YES;
				CLANG_WARN__DUPLICATE_METHOD_MATCH = YES;
				COPY_PHASE_STRIP = NO;
				DEBUG_INFORMATION_FORMAT = "dwarf-with-dsym";
				ENABLE_NS_ASSERTIONS = NO;
				ENABLE_STRICT_OBJC_MSGSEND = YES;
				GCC_C_LANGUAGE_STANDARD = gnu11;
				GCC_NO_COMMON_BLOCKS = YES;
				GCC_WARN_64_TO_32_BIT_CONVERSION = YES;
				GCC_WARN_ABOUT_RETURN_TYPE = YES_ERROR;
				GCC_WARN_UNDECLARED_SELECTOR = YES;
				GCC_WARN_UNINITIALIZED_AUTOS = YES_AGGRESSIVE;
				GCC_WARN_UNUSED_FUNCTION = YES;
				GCC_WARN_UNUSED_VARIABLE = YES;
				IPHONEOS_DEPLOYMENT_TARGET = 13.5;
				MTL_ENABLE_DEBUG_INFO = NO;
				MTL_FAST_MATH = YES;
				SDKROOT = iphoneos;
				SWIFT_COMPILATION_MODE = wholemodule;
				SWIFT_OPTIMIZATION_LEVEL = "-O";
				VALIDATE_PRODUCT = YES;
			};
			name = Release;
		};
		7346DAF924A1C2F900AF75BB /* Debug */ = {
			isa = XCBuildConfiguration;
			baseConfigurationReference = E367ABBBF463727C409F4CD7 /* Pods-GoalsApp.debug.xcconfig */;
			buildSettings = {
				ASSETCATALOG_COMPILER_APPICON_NAME = AppIcon;
				CODE_SIGN_STYLE = Automatic;
				DEVELOPMENT_TEAM = 9F26XL4W94;
				INFOPLIST_FILE = GoalsApp/Info.plist;
				LD_RUNPATH_SEARCH_PATHS = (
					"$(inherited)",
					"@executable_path/Frameworks",
				);
				PRODUCT_BUNDLE_IDENTIFIER = com.villou.GoalsApp;
				PRODUCT_NAME = "$(TARGET_NAME)";
				SWIFT_VERSION = 5.0;
				TARGETED_DEVICE_FAMILY = "1,2";
			};
			name = Debug;
		};
		7346DAFA24A1C2F900AF75BB /* Release */ = {
			isa = XCBuildConfiguration;
			baseConfigurationReference = D7FA98737F22A3FDCA5AA52D /* Pods-GoalsApp.release.xcconfig */;
			buildSettings = {
				ASSETCATALOG_COMPILER_APPICON_NAME = AppIcon;
				CODE_SIGN_STYLE = Automatic;
				DEVELOPMENT_TEAM = 9F26XL4W94;
				INFOPLIST_FILE = GoalsApp/Info.plist;
				LD_RUNPATH_SEARCH_PATHS = (
					"$(inherited)",
					"@executable_path/Frameworks",
				);
				PRODUCT_BUNDLE_IDENTIFIER = com.villou.GoalsApp;
				PRODUCT_NAME = "$(TARGET_NAME)";
				SWIFT_VERSION = 5.0;
				TARGETED_DEVICE_FAMILY = "1,2";
			};
			name = Release;
		};
		7346DAFC24A1C2F900AF75BB /* Debug */ = {
			isa = XCBuildConfiguration;
			baseConfigurationReference = FD6C16F95A4260F9BA9ABDCF /* Pods-GoalsAppTests.debug.xcconfig */;
			buildSettings = {
				BUNDLE_LOADER = "$(TEST_HOST)";
				CODE_SIGN_STYLE = Automatic;
				DEVELOPMENT_TEAM = 9F26XL4W94;
				INFOPLIST_FILE = GoalsAppTests/Info.plist;
				IPHONEOS_DEPLOYMENT_TARGET = 13.5;
				LD_RUNPATH_SEARCH_PATHS = (
					"$(inherited)",
					"@executable_path/Frameworks",
					"@loader_path/Frameworks",
				);
				PRODUCT_BUNDLE_IDENTIFIER = com.villou.GoalsAppTests;
				PRODUCT_NAME = "$(TARGET_NAME)";
				SWIFT_VERSION = 5.0;
				TARGETED_DEVICE_FAMILY = "1,2";
				TEST_HOST = "$(BUILT_PRODUCTS_DIR)/GoalsApp.app/GoalsApp";
			};
			name = Debug;
		};
		7346DAFD24A1C2F900AF75BB /* Release */ = {
			isa = XCBuildConfiguration;
			baseConfigurationReference = 6BF2FEC4F09380FDA399798B /* Pods-GoalsAppTests.release.xcconfig */;
			buildSettings = {
				BUNDLE_LOADER = "$(TEST_HOST)";
				CODE_SIGN_STYLE = Automatic;
				DEVELOPMENT_TEAM = 9F26XL4W94;
				INFOPLIST_FILE = GoalsAppTests/Info.plist;
				IPHONEOS_DEPLOYMENT_TARGET = 13.5;
				LD_RUNPATH_SEARCH_PATHS = (
					"$(inherited)",
					"@executable_path/Frameworks",
					"@loader_path/Frameworks",
				);
				PRODUCT_BUNDLE_IDENTIFIER = com.villou.GoalsAppTests;
				PRODUCT_NAME = "$(TARGET_NAME)";
				SWIFT_VERSION = 5.0;
				TARGETED_DEVICE_FAMILY = "1,2";
				TEST_HOST = "$(BUILT_PRODUCTS_DIR)/GoalsApp.app/GoalsApp";
			};
			name = Release;
		};
/* End XCBuildConfiguration section */

/* Begin XCConfigurationList section */
		7346DAD424A1C2F700AF75BB /* Build configuration list for PBXProject "GoalsApp" */ = {
			isa = XCConfigurationList;
			buildConfigurations = (
				7346DAF624A1C2F900AF75BB /* Debug */,
				7346DAF724A1C2F900AF75BB /* Release */,
			);
			defaultConfigurationIsVisible = 0;
			defaultConfigurationName = Release;
		};
		7346DAF824A1C2F900AF75BB /* Build configuration list for PBXNativeTarget "GoalsApp" */ = {
			isa = XCConfigurationList;
			buildConfigurations = (
				7346DAF924A1C2F900AF75BB /* Debug */,
				7346DAFA24A1C2F900AF75BB /* Release */,
			);
			defaultConfigurationIsVisible = 0;
			defaultConfigurationName = Release;
		};
		7346DAFB24A1C2F900AF75BB /* Build configuration list for PBXNativeTarget "GoalsAppTests" */ = {
			isa = XCConfigurationList;
			buildConfigurations = (
				7346DAFC24A1C2F900AF75BB /* Debug */,
				7346DAFD24A1C2F900AF75BB /* Release */,
			);
			defaultConfigurationIsVisible = 0;
			defaultConfigurationName = Release;
		};
/* End XCConfigurationList section */
	};
	rootObject = 7346DAD124A1C2F700AF75BB /* Project object */;
}
